// !$*UTF8*$!
{
	archiveVersion = 1;
	classes = {
	};
	objectVersion = 46;
	objects = {

/* Begin PBXBuildFile section */
		66814DA11B23DBB000968427 /* AppDelegate.swift in Sources */ = {isa = PBXBuildFile; fileRef = 66814DA01B23DBB000968427 /* AppDelegate.swift */; };
		66814DA41B23DBB000968427 /* bassLure.xcdatamodeld in Sources */ = {isa = PBXBuildFile; fileRef = 66814DA21B23DBB000968427 /* bassLure.xcdatamodeld */; };
		66814DA61B23DBB000968427 /* ViewController.swift in Sources */ = {isa = PBXBuildFile; fileRef = 66814DA51B23DBB000968427 /* ViewController.swift */; };
		66814DA91B23DBB000968427 /* Main.storyboard in Resources */ = {isa = PBXBuildFile; fileRef = 66814DA71B23DBB000968427 /* Main.storyboard */; };
		66814DAB1B23DBB000968427 /* Images.xcassets in Resources */ = {isa = PBXBuildFile; fileRef = 66814DAA1B23DBB000968427 /* Images.xcassets */; };
		66814DAE1B23DBB000968427 /* LaunchScreen.xib in Resources */ = {isa = PBXBuildFile; fileRef = 66814DAC1B23DBB000968427 /* LaunchScreen.xib */; };
		66814DBA1B23DBB000968427 /* bassLureTests.swift in Sources */ = {isa = PBXBuildFile; fileRef = 66814DB91B23DBB000968427 /* bassLureTests.swift */; };
/* End PBXBuildFile section */

/* Begin PBXContainerItemProxy section */
		66814DB41B23DBB000968427 /* PBXContainerItemProxy */ = {
			isa = PBXContainerItemProxy;
			containerPortal = 66814D931B23DBB000968427 /* Project object */;
			proxyType = 1;
			remoteGlobalIDString = 66814D9A1B23DBB000968427;
			remoteInfo = bassLure;
		};
/* End PBXContainerItemProxy section */

/* Begin PBXFileReference section */
		66814D9B1B23DBB000968427 /* bassLure.app */ = {isa = PBXFileReference; explicitFileType = wrapper.application; includeInIndex = 0; path = bassLure.app; sourceTree = BUILT_PRODUCTS_DIR; };
		66814D9F1B23DBB000968427 /* Info.plist */ = {isa = PBXFileReference; lastKnownFileType = text.plist.xml; path = Info.plist; sourceTree = "<group>"; };
		66814DA01B23DBB000968427 /* AppDelegate.swift */ = {isa = PBXFileReference; lastKnownFileType = sourcecode.swift; path = AppDelegate.swift; sourceTree = "<group>"; };
		66814DA31B23DBB000968427 /* bassLure.xcdatamodel */ = {isa = PBXFileReference; lastKnownFileType = wrapper.xcdatamodel; path = bassLure.xcdatamodel; sourceTree = "<group>"; };
		66814DA51B23DBB000968427 /* ViewController.swift */ = {isa = PBXFileReference; lastKnownFileType = sourcecode.swift; path = ViewController.swift; sourceTree = "<group>"; };
		66814DA81B23DBB000968427 /* Base */ = {isa = PBXFileReference; lastKnownFileType = file.storyboard; name = Base; path = Base.lproj/Main.storyboard; sourceTree = "<group>"; };
		66814DAA1B23DBB000968427 /* Images.xcassets */ = {isa = PBXFileReference; lastKnownFileType = folder.assetcatalog; path = Images.xcassets; sourceTree = "<group>"; };
		66814DAD1B23DBB000968427 /* Base */ = {isa = PBXFileReference; lastKnownFileType = file.xib; name = Base; path = Base.lproj/LaunchScreen.xib; sourceTree = "<group>"; };
		66814DB31B23DBB000968427 /* bassLureTests.xctest */ = {isa = PBXFileReference; explicitFileType = wrapper.cfbundle; includeInIndex = 0; path = bassLureTests.xctest; sourceTree = BUILT_PRODUCTS_DIR; };
		66814DB81B23DBB000968427 /* Info.plist */ = {isa = PBXFileReference; lastKnownFileType = text.plist.xml; path = Info.plist; sourceTree = "<group>"; };
		66814DB91B23DBB000968427 /* bassLureTests.swift */ = {isa = PBXFileReference; lastKnownFileType = sourcecode.swift; path = bassLureTests.swift; sourceTree = "<group>"; };
/* End PBXFileReference section */

/* Begin PBXFrameworksBuildPhase section */
		66814D981B23DBB000968427 /* Frameworks */ = {
			isa = PBXFrameworksBuildPhase;
			buildActionMask = 2147483647;
			files = (
			);
			runOnlyForDeploymentPostprocessing = 0;
		};
		66814DB01B23DBB000968427 /* Frameworks */ = {
			isa = PBXFrameworksBuildPhase;
			buildActionMask = 2147483647;
			files = (
			);
			runOnlyForDeploymentPostprocessing = 0;
		};
/* End PBXFrameworksBuildPhase section */

/* Begin PBXGroup section */
		66814D921B23DBB000968427 = {
			isa = PBXGroup;
			children = (
				66814D9D1B23DBB000968427 /* bassLure */,
				66814DB61B23DBB000968427 /* bassLureTests */,
				66814D9C1B23DBB000968427 /* Products */,
			);
			sourceTree = "<group>";
		};
		66814D9C1B23DBB000968427 /* Products */ = {
			isa = PBXGroup;
			children = (
				66814D9B1B23DBB000968427 /* bassLure.app */,
				66814DB31B23DBB000968427 /* bassLureTests.xctest */,
			);
			name = Products;
			sourceTree = "<group>";
		};
		66814D9D1B23DBB000968427 /* bassLure */ = {
			isa = PBXGroup;
			children = (
				66814DA01B23DBB000968427 /* AppDelegate.swift */,
				66814DA51B23DBB000968427 /* ViewController.swift */,
				66814DA71B23DBB000968427 /* Main.storyboard */,
				66814DAA1B23DBB000968427 /* Images.xcassets */,
				66814DAC1B23DBB000968427 /* LaunchScreen.xib */,
				66814DA21B23DBB000968427 /* bassLure.xcdatamodeld */,
				66814D9E1B23DBB000968427 /* Supporting Files */,
			);
			path = bassLure;
			sourceTree = "<group>";
		};
		66814D9E1B23DBB000968427 /* Supporting Files */ = {
			isa = PBXGroup;
			children = (
				66814D9F1B23DBB000968427 /* Info.plist */,
			);
			name = "Supporting Files";
			sourceTree = "<group>";
		};
		66814DB61B23DBB000968427 /* bassLureTests */ = {
			isa = PBXGroup;
			children = (
				66814DB91B23DBB000968427 /* bassLureTests.swift */,
				66814DB71B23DBB000968427 /* Supporting Files */,
			);
			path = bassLureTests;
			sourceTree = "<group>";
		};
		66814DB71B23DBB000968427 /* Supporting Files */ = {
			isa = PBXGroup;
			children = (
				66814DB81B23DBB000968427 /* Info.plist */,
			);
			name = "Supporting Files";
			sourceTree = "<group>";
		};
/* End PBXGroup section */

/* Begin PBXNativeTarget section */
		66814D9A1B23DBB000968427 /* bassLure */ = {
			isa = PBXNativeTarget;
			buildConfigurationList = 66814DBD1B23DBB000968427 /* Build configuration list for PBXNativeTarget "bassLure" */;
			buildPhases = (
				66814D971B23DBB000968427 /* Sources */,
				66814D981B23DBB000968427 /* Frameworks */,
				66814D991B23DBB000968427 /* Resources */,
			);
			buildRules = (
			);
			dependencies = (
			);
			name = bassLure;
			productName = bassLure;
			productReference = 66814D9B1B23DBB000968427 /* bassLure.app */;
			productType = "com.apple.product-type.application";
		};
		66814DB21B23DBB000968427 /* bassLureTests */ = {
			isa = PBXNativeTarget;
			buildConfigurationList = 66814DC01B23DBB000968427 /* Build configuration list for PBXNativeTarget "bassLureTests" */;
			buildPhases = (
				66814DAF1B23DBB000968427 /* Sources */,
				66814DB01B23DBB000968427 /* Frameworks */,
				66814DB11B23DBB000968427 /* Resources */,
			);
			buildRules = (
			);
			dependencies = (
				66814DB51B23DBB000968427 /* PBXTargetDependency */,
			);
			name = bassLureTests;
			productName = bassLureTests;
			productReference = 66814DB31B23DBB000968427 /* bassLureTests.xctest */;
			productType = "com.apple.product-type.bundle.unit-test";
		};
/* End PBXNativeTarget section */

/* Begin PBXProject section */
		66814D931B23DBB000968427 /* Project object */ = {
			isa = PBXProject;
			attributes = {
				LastUpgradeCheck = 0630;
				ORGANIZATIONNAME = Motive;
				TargetAttributes = {
					66814D9A1B23DBB000968427 = {
						CreatedOnToolsVersion = 6.3.1;
					};
					66814DB21B23DBB000968427 = {
						CreatedOnToolsVersion = 6.3.1;
						TestTargetID = 66814D9A1B23DBB000968427;
					};
				};
			};
			buildConfigurationList = 66814D961B23DBB000968427 /* Build configuration list for PBXProject "bassLure" */;
			compatibilityVersion = "Xcode 3.2";
			developmentRegion = English;
			hasScannedForEncodings = 0;
			knownRegions = (
				en,
				Base,
			);
			mainGroup = 66814D921B23DBB000968427;
			productRefGroup = 66814D9C1B23DBB000968427 /* Products */;
			projectDirPath = "";
			projectRoot = "";
			targets = (
				66814D9A1B23DBB000968427 /* bassLure */,
				66814DB21B23DBB000968427 /* bassLureTests */,
			);
		};
/* End PBXProject section */

/* Begin PBXResourcesBuildPhase section */
		66814D991B23DBB000968427 /* Resources */ = {
			isa = PBXResourcesBuildPhase;
			buildActionMask = 2147483647;
			files = (
				66814DA91B23DBB000968427 /* Main.storyboard in Resources */,
				66814DAE1B23DBB000968427 /* LaunchScreen.xib in Resources */,
				66814DAB1B23DBB000968427 /* Images.xcassets in Resources */,
			);
			runOnlyForDeploymentPostprocessing = 0;
		};
		66814DB11B23DBB000968427 /* Resources */ = {
			isa = PBXResourcesBuildPhase;
			buildActionMask = 2147483647;
			files = (
			);
			runOnlyForDeploymentPostprocessing = 0;
		};
/* End PBXResourcesBuildPhase section */

/* Begin PBXSourcesBuildPhase section */
		66814D971B23DBB000968427 /* Sources */ = {
			isa = PBXSourcesBuildPhase;
			buildActionMask = 2147483647;
			files = (
				66814DA61B23DBB000968427 /* ViewController.swift in Sources */,
				66814DA41B23DBB000968427 /* bassLure.xcdatamodeld in Sources */,
				66814DA11B23DBB000968427 /* AppDelegate.swift in Sources */,
			);
			runOnlyForDeploymentPostprocessing = 0;
		};
		66814DAF1B23DBB000968427 /* Sources */ = {
			isa = PBXSourcesBuildPhase;
			buildActionMask = 2147483647;
			files = (
				66814DBA1B23DBB000968427 /* bassLureTests.swift in Sources */,
			);
			runOnlyForDeploymentPostprocessing = 0;
		};
/* End PBXSourcesBuildPhase section */

/* Begin PBXTargetDependency section */
		66814DB51B23DBB000968427 /* PBXTargetDependency */ = {
			isa = PBXTargetDependency;
			target = 66814D9A1B23DBB000968427 /* bassLure */;
			targetProxy = 66814DB41B23DBB000968427 /* PBXContainerItemProxy */;
		};
/* End PBXTargetDependency section */

/* Begin PBXVariantGroup section */
		66814DA71B23DBB000968427 /* Main.storyboard */ = {
			isa = PBXVariantGroup;
			children = (
				66814DA81B23DBB000968427 /* Base */,
			);
			name = Main.storyboard;
			sourceTree = "<group>";
		};
		66814DAC1B23DBB000968427 /* LaunchScreen.xib */ = {
			isa = PBXVariantGroup;
			children = (
				66814DAD1B23DBB000968427 /* Base */,
			);
			name = LaunchScreen.xib;
			sourceTree = "<group>";
		};
/* End PBXVariantGroup section */

/* Begin XCBuildConfiguration section */
		66814DBB1B23DBB000968427 /* Debug */ = {
			isa = XCBuildConfiguration;
			buildSettings = {
				ALWAYS_SEARCH_USER_PATHS = NO;
				CLANG_CXX_LANGUAGE_STANDARD = "gnu++0x";
				CLANG_CXX_LIBRARY = "libc++";
				CLANG_ENABLE_MODULES = YES;
				CLANG_ENABLE_OBJC_ARC = YES;
				CLANG_WARN_BOOL_CONVERSION = YES;
				CLANG_WARN_CONSTANT_CONVERSION = YES;
				CLANG_WARN_DIRECT_OBJC_ISA_USAGE = YES_ERROR;
				CLANG_WARN_EMPTY_BODY = YES;
				CLANG_WARN_ENUM_CONVERSION = YES;
				CLANG_WARN_INT_CONVERSION = YES;
				CLANG_WARN_OBJC_ROOT_CLASS = YES_ERROR;
				CLANG_WARN_UNREACHABLE_CODE = YES;
				CLANG_WARN__DUPLICATE_METHOD_MATCH = YES;
				"CODE_SIGN_IDENTITY[sdk=iphoneos*]" = "iPhone Developer";
				COPY_PHASE_STRIP = NO;
				DEBUG_INFORMATION_FORMAT = "dwarf-with-dsym";
				ENABLE_STRICT_OBJC_MSGSEND = YES;
				GCC_C_LANGUAGE_STANDARD = gnu99;
				GCC_DYNAMIC_NO_PIC = NO;
				GCC_NO_COMMON_BLOCKS = YES;
				GCC_OPTIMIZATION_LEVEL = 0;
				GCC_PREPROCESSOR_DEFINITIONS = (
					"DEBUG=1",
					"$(inherited)",
				);
				GCC_SYMBOLS_PRIVATE_EXTERN = NO;
				GCC_WARN_64_TO_32_BIT_CONVERSION = YES;
				GCC_WARN_ABOUT_RETURN_TYPE = YES_ERROR;
				GCC_WARN_UNDECLARED_SELECTOR = YES;
				GCC_WARN_UNINITIALIZED_AUTOS = YES_AGGRESSIVE;
				GCC_WARN_UNUSED_FUNCTION = YES;
				GCC_WARN_UNUSED_VARIABLE = YES;
				IPHONEOS_DEPLOYMENT_TARGET = 8.3;
				MTL_ENABLE_DEBUG_INFO = YES;
				ONLY_ACTIVE_ARCH = YES;
				SDKROOT = iphoneos;
				SWIFT_OPTIMIZATION_LEVEL = "-Onone";
			};
			name = Debug;
		};
		66814DBC1B23DBB000968427 /* Release */ = {
			isa = XCBuildConfiguration;
			buildSettings = {
				ALWAYS_SEARCH_USER_PATHS = NO;
				CLANG_CXX_LANGUAGE_STANDARD = "gnu++0x";
				CLANG_CXX_LIBRARY = "libc++";
				CLANG_ENABLE_MODULES = YES;
				CLANG_ENABLE_OBJC_ARC = YES;
				CLANG_WARN_BOOL_CONVERSION = YES;
				CLANG_WARN_CONSTANT_CONVERSION = YES;
				CLANG_WARN_DIRECT_OBJC_ISA_USAGE = YES_ERROR;
				CLANG_WARN_EMPTY_BODY = YES;
				CLANG_WARN_ENUM_CONVERSION = YES;
				CLANG_WARN_INT_CONVERSION = YES;
				CLANG_WARN_OBJC_ROOT_CLASS = YES_ERROR;
				CLANG_WARN_UNREACHABLE_CODE = YES;
				CLANG_WARN__DUPLICATE_METHOD_MATCH = YES;
				"CODE_SIGN_IDENTITY[sdk=iphoneos*]" = "iPhone Developer";
				COPY_PHASE_STRIP = NO;
				DEBUG_INFORMATION_FORMAT = "dwarf-with-dsym";
				ENABLE_NS_ASSERTIONS = NO;
				ENABLE_STRICT_OBJC_MSGSEND = YES;
				GCC_C_LANGUAGE_STANDARD = gnu99;
				GCC_NO_COMMON_BLOCKS = YES;
				GCC_WARN_64_TO_32_BIT_CONVERSION = YES;
				GCC_WARN_ABOUT_RETURN_TYPE = YES_ERROR;
				GCC_WARN_UNDECLARED_SELECTOR = YES;
				GCC_WARN_UNINITIALIZED_AUTOS = YES_AGGRESSIVE;
				GCC_WARN_UNUSED_FUNCTION = YES;
				GCC_WARN_UNUSED_VARIABLE = YES;
				IPHONEOS_DEPLOYMENT_TARGET = 8.3;
				MTL_ENABLE_DEBUG_INFO = NO;
				SDKROOT = iphoneos;
				VALIDATE_PRODUCT = YES;
			};
			name = Release;
		};
		66814DBE1B23DBB000968427 /* Debug */ = {
			isa = XCBuildConfiguration;
			buildSettings = {
				ASSETCATALOG_COMPILER_APPICON_NAME = AppIcon;
				INFOPLIST_FILE = bassLure/Info.plist;
				LD_RUNPATH_SEARCH_PATHS = "$(inherited) @executable_path/Frameworks";
				PRODUCT_NAME = "$(TARGET_NAME)";
			};
			name = Debug;
		};
		66814DBF1B23DBB000968427 /* Release */ = {
			isa = XCBuildConfiguration;
			buildSettings = {
				ASSETCATALOG_COMPILER_APPICON_NAME = AppIcon;
				INFOPLIST_FILE = bassLure/Info.plist;
				LD_RUNPATH_SEARCH_PATHS = "$(inherited) @executable_path/Frameworks";
				PRODUCT_NAME = "$(TARGET_NAME)";
			};
			name = Release;
		};
		66814DC11B23DBB000968427 /* Debug */ = {
			isa = XCBuildConfiguration;
			buildSettings = {
				BUNDLE_LOADER = "$(TEST_HOST)";
				FRAMEWORK_SEARCH_PATHS = (
					"$(SDKROOT)/Developer/Library/Frameworks",
					"$(inherited)",
				);
				GCC_PREPROCESSOR_DEFINITIONS = (
					"DEBUG=1",
					"$(inherited)",
				);
				INFOPLIST_FILE = bassLureTests/Info.plist;
				LD_RUNPATH_SEARCH_PATHS = "$(inherited) @executable_path/Frameworks @loader_path/Frameworks";
				PRODUCT_NAME = "$(TARGET_NAME)";
				TEST_HOST = "$(BUILT_PRODUCTS_DIR)/bassLure.app/bassLure";
			};
			name = Debug;
		};
		66814DC21B23DBB000968427 /* Release */ = {
			isa = XCBuildConfiguration;
			buildSettings = {
				BUNDLE_LOADER = "$(TEST_HOST)";
				FRAMEWORK_SEARCH_PATHS = (
					"$(SDKROOT)/Developer/Library/Frameworks",
					"$(inherited)",
				);
				INFOPLIST_FILE = bassLureTests/Info.plist;
				LD_RUNPATH_SEARCH_PATHS = "$(inherited) @executable_path/Frameworks @loader_path/Frameworks";
				PRODUCT_NAME = "$(TARGET_NAME)";
				TEST_HOST = "$(BUILT_PRODUCTS_DIR)/bassLure.app/bassLure";
			};
			name = Release;
		};
/* End XCBuildConfiguration section */

/* Begin XCConfigurationList section */
		66814D961B23DBB000968427 /* Build configuration list for PBXProject "bassLure" */ = {
			isa = XCConfigurationList;
			buildConfigurations = (
				66814DBB1B23DBB000968427 /* Debug */,
				66814DBC1B23DBB000968427 /* Release */,
			);
			defaultConfigurationIsVisible = 0;
			defaultConfigurationName = Release;
		};
		66814DBD1B23DBB000968427 /* Build configuration list for PBXNativeTarget "bassLure" */ = {
			isa = XCConfigurationList;
			buildConfigurations = (
				66814DBE1B23DBB000968427 /* Debug */,
				66814DBF1B23DBB000968427 /* Release */,
			);
			defaultConfigurationIsVisible = 0;
		};
		66814DC01B23DBB000968427 /* Build configuration list for PBXNativeTarget "bassLureTests" */ = {
			isa = XCConfigurationList;
			buildConfigurations = (
				66814DC11B23DBB000968427 /* Debug */,
				66814DC21B23DBB000968427 /* Release */,
			);
			defaultConfigurationIsVisible = 0;
		};
/* End XCConfigurationList section */

/* Begin XCVersionGroup section */
		66814DA21B23DBB000968427 /* bassLure.xcdatamodeld */ = {
			isa = XCVersionGroup;
			children = (
				66814DA31B23DBB000968427 /* bassLure.xcdatamodel */,
			);
			currentVersion = 66814DA31B23DBB000968427 /* bassLure.xcdatamodel */;
			path = bassLure.xcdatamodeld;
			sourceTree = "<group>";
			versionGroupType = wrapper.xcdatamodel;
		};
/* End XCVersionGroup section */
	};
	rootObject = 66814D931B23DBB000968427 /* Project object */;
}
